
Microsoft Visual Studio Solution File, Format Version 12.00
# Visual Studio Version 17
VisualStudioVersion = 17.11.35201.85
MinimumVisualStudioVersion = 10.0.40219.1
Project("{FAE04EC0-301F-11D3-BF4B-00C04F79EFBC}") = "SempleApiJwtWithRedis", "SempleApiJwtWithRedis\SempleApiJwtWithRedis.csproj", "{77D9B1D0-C86E-4418-B1F4-43FC60FE34B2}"
EndProject
Global
	GlobalSection(SolutionConfigurationPlatforms) = preSolution
		Debug|Any CPU = Debug|Any CPU
		Release|Any CPU = Release|Any CPU
	EndGlobalSection
	GlobalSection(ProjectConfigurationPlatforms) = postSolution
		{77D9B1D0-C86E-4418-B1F4-43FC60FE34B2}.Debug|Any CPU.ActiveCfg = Debug|Any CPU
		{77D9B1D0-C86E-4418-B1F4-43FC60FE34B2}.Debug|Any CPU.Build.0 = Debug|Any CPU
		{77D9B1D0-C86E-4418-B1F4-43FC60FE34B2}.Release|Any CPU.ActiveCfg = Release|Any CPU
		{77D9B1D0-C86E-4418-B1F4-43FC60FE34B2}.Release|Any CPU.Build.0 = Release|Any CPU
	EndGlobalSection
	GlobalSection(SolutionProperties) = preSolution
		HideSolutionNode = FALSE
	EndGlobalSection
	GlobalSection(ExtensibilityGlobals) = postSolution
		SolutionGuid = {CA61BFA7-C5F4-49BE-AF58-8668B421D886}
	EndGlobalSection
EndGlobal
